
Microsoft Visual Studio Solution File, Format Version 12.00
# Visual Studio Version 17
VisualStudioVersion = 17.9.34616.47
MinimumVisualStudioVersion = 10.0.40219.1
Project("{FAE04EC0-301F-11D3-BF4B-00C04F79EFBC}") = "ElectronicVotingSystem", "ElectronicVotingSystem.csproj", "{33727F94-C1F9-434A-8E91-1725B11EA54D}"
EndProject
Global
	GlobalSection(SolutionConfigurationPlatforms) = preSolution
		Debug|Any CPU = Debug|Any CPU
		Release|Any CPU = Release|Any CPU
	EndGlobalSection
	GlobalSection(ProjectConfigurationPlatforms) = postSolution
		{33727F94-C1F9-434A-8E91-1725B11EA54D}.Debug|Any CPU.ActiveCfg = Debug|Any CPU
		{33727F94-C1F9-434A-8E91-1725B11EA54D}.Debug|Any CPU.Build.0 = Debug|Any CPU
		{33727F94-C1F9-434A-8E91-1725B11EA54D}.Release|Any CPU.ActiveCfg = Release|Any CPU
		{33727F94-C1F9-434A-8E91-1725B11EA54D}.Release|Any CPU.Build.0 = Release|Any CPU
	EndGlobalSection
	GlobalSection(SolutionProperties) = preSolution
		HideSolutionNode = FALSE
	EndGlobalSection
	GlobalSection(ExtensibilityGlobals) = postSolution
		SolutionGuid = {E72BA052-A8EF-4810-97EB-811A1E444022}
	EndGlobalSection
EndGlobal
